
Microsoft Visual Studio Solution File, Format Version 12.00
# Visual Studio Version 16
VisualStudioVersion = 16.0.29503.13
MinimumVisualStudioVersion = 10.0.40219.1
Project("{FAE04EC0-301F-11D3-BF4B-00C04F79EFBC}") = "PushNotification", "PushNotification\PushNotification.csproj", "{ADC2218B-5189-44D5-84B6-7734F3FB8BD8}"
EndProject
Global
	GlobalSection(SolutionConfigurationPlatforms) = preSolution
		Debug|Any CPU = Debug|Any CPU
		Release|Any CPU = Release|Any CPU
	EndGlobalSection
	GlobalSection(ProjectConfigurationPlatforms) = postSolution
		{ADC2218B-5189-44D5-84B6-7734F3FB8BD8}.Debug|Any CPU.ActiveCfg = Debug|Any CPU
		{ADC2218B-5189-44D5-84B6-7734F3FB8BD8}.Debug|Any CPU.Build.0 = Debug|Any CPU
		{ADC2218B-5189-44D5-84B6-7734F3FB8BD8}.Release|Any CPU.ActiveCfg = Release|Any CPU
		{ADC2218B-5189-44D5-84B6-7734F3FB8BD8}.Release|Any CPU.Build.0 = Release|Any CPU
	EndGlobalSection
	GlobalSection(SolutionProperties) = preSolution
		HideSolutionNode = FALSE
	EndGlobalSection
	GlobalSection(ExtensibilityGlobals) = postSolution
		SolutionGuid = {4768D130-A6E4-496D-B6E6-7351929C215E}
	EndGlobalSection
EndGlobal
